// !$*UTF8*$!
{
	archiveVersion = 1;
	classes = {
	};
	objectVersion = 50;
	objects = {

/* Begin PBXBuildFile section */
		E5FD183F24D11D8700CF29F6 /* AppDelegate.m in Sources */ = {isa = PBXBuildFile; fileRef = E5FD183E24D11D8700CF29F6 /* AppDelegate.m */; };
		E5FD184224D11D8700CF29F6 /* ViewController.m in Sources */ = {isa = PBXBuildFile; fileRef = E5FD184124D11D8700CF29F6 /* ViewController.m */; };
		E5FD184524D11D8700CF29F6 /* Main.storyboard in Resources */ = {isa = PBXBuildFile; fileRef = E5FD184324D11D8700CF29F6 /* Main.storyboard */; };
		E5FD184724D11D8A00CF29F6 /* Assets.xcassets in Resources */ = {isa = PBXBuildFile; fileRef = E5FD184624D11D8A00CF29F6 /* Assets.xcassets */; };
		E5FD184A24D11D8A00CF29F6 /* LaunchScreen.storyboard in Resources */ = {isa = PBXBuildFile; fileRef = E5FD184824D11D8A00CF29F6 /* LaunchScreen.storyboard */; };
		E5FD184D24D11D8A00CF29F6 /* main.m in Sources */ = {isa = PBXBuildFile; fileRef = E5FD184C24D11D8A00CF29F6 /* main.m */; };
		E5FD185524D11DE000CF29F6 /* SMHook.m in Sources */ = {isa = PBXBuildFile; fileRef = E5FD185424D11DE000CF29F6 /* SMHook.m */; };
		E5FD185E24D122FB00CF29F6 /* UIViewController+Logger.m in Sources */ = {isa = PBXBuildFile; fileRef = E5FD185D24D122FB00CF29F6 /* UIViewController+Logger.m */; };
		E5FD186124D128D600CF29F6 /* NextViewController.m in Sources */ = {isa = PBXBuildFile; fileRef = E5FD186024D128D600CF29F6 /* NextViewController.m */; };
		E5FD186724D12D9400CF29F6 /* NextViewController+exchangeLogAction.m in Sources */ = {isa = PBXBuildFile; fileRef = E5FD186624D12D9400CF29F6 /* NextViewController+exchangeLogAction.m */; };
/* End PBXBuildFile section */

/* Begin PBXFileReference section */
		E5FD183A24D11D8700CF29F6 /* 埋点统计.app */ = {isa = PBXFileReference; explicitFileType = wrapper.application; includeInIndex = 0; path = "埋点统计.app"; sourceTree = BUILT_PRODUCTS_DIR; };
		E5FD183D24D11D8700CF29F6 /* AppDelegate.h */ = {isa = PBXFileReference; lastKnownFileType = sourcecode.c.h; path = AppDelegate.h; sourceTree = "<group>"; };
		E5FD183E24D11D8700CF29F6 /* AppDelegate.m */ = {isa = PBXFileReference; lastKnownFileType = sourcecode.c.objc; path = AppDelegate.m; sourceTree = "<group>"; };
		E5FD184024D11D8700CF29F6 /* ViewController.h */ = {isa = PBXFileReference; lastKnownFileType = sourcecode.c.h; path = ViewController.h; sourceTree = "<group>"; };
		E5FD184124D11D8700CF29F6 /* ViewController.m */ = {isa = PBXFileReference; lastKnownFileType = sourcecode.c.objc; path = ViewController.m; sourceTree = "<group>"; };
		E5FD184424D11D8700CF29F6 /* Base */ = {isa = PBXFileReference; lastKnownFileType = file.storyboard; name = Base; path = Base.lproj/Main.storyboard; sourceTree = "<group>"; };
		E5FD184624D11D8A00CF29F6 /* Assets.xcassets */ = {isa = PBXFileReference; lastKnownFileType = folder.assetcatalog; path = Assets.xcassets; sourceTree = "<group>"; };
		E5FD184924D11D8A00CF29F6 /* Base */ = {isa = PBXFileReference; lastKnownFileType = file.storyboard; name = Base; path = Base.lproj/LaunchScreen.storyboard; sourceTree = "<group>"; };
		E5FD184B24D11D8A00CF29F6 /* Info.plist */ = {isa = PBXFileReference; lastKnownFileType = text.plist.xml; path = Info.plist; sourceTree = "<group>"; };
		E5FD184C24D11D8A00CF29F6 /* main.m */ = {isa = PBXFileReference; lastKnownFileType = sourcecode.c.objc; path = main.m; sourceTree = "<group>"; };
		E5FD185324D11DE000CF29F6 /* SMHook.h */ = {isa = PBXFileReference; lastKnownFileType = sourcecode.c.h; path = SMHook.h; sourceTree = "<group>"; };
		E5FD185424D11DE000CF29F6 /* SMHook.m */ = {isa = PBXFileReference; lastKnownFileType = sourcecode.c.objc; path = SMHook.m; sourceTree = "<group>"; };
		E5FD185C24D122FB00CF29F6 /* UIViewController+Logger.h */ = {isa = PBXFileReference; lastKnownFileType = sourcecode.c.h; path = "UIViewController+Logger.h"; sourceTree = "<group>"; };
		E5FD185D24D122FB00CF29F6 /* UIViewController+Logger.m */ = {isa = PBXFileReference; lastKnownFileType = sourcecode.c.objc; path = "UIViewController+Logger.m"; sourceTree = "<group>"; };
		E5FD185F24D128D600CF29F6 /* NextViewController.h */ = {isa = PBXFileReference; lastKnownFileType = sourcecode.c.h; path = NextViewController.h; sourceTree = "<group>"; };
		E5FD186024D128D600CF29F6 /* NextViewController.m */ = {isa = PBXFileReference; lastKnownFileType = sourcecode.c.objc; path = NextViewController.m; sourceTree = "<group>"; };
		E5FD186524D12D9400CF29F6 /* NextViewController+exchangeLogAction.h */ = {isa = PBXFileReference; lastKnownFileType = sourcecode.c.h; path = "NextViewController+exchangeLogAction.h"; sourceTree = "<group>"; };
		E5FD186624D12D9400CF29F6 /* NextViewController+exchangeLogAction.m */ = {isa = PBXFileReference; lastKnownFileType = sourcecode.c.objc; path = "NextViewController+exchangeLogAction.m"; sourceTree = "<group>"; };
/* End PBXFileReference section */

/* Begin PBXFrameworksBuildPhase section */
		E5FD183724D11D8700CF29F6 /* Frameworks */ = {
			isa = PBXFrameworksBuildPhase;
			buildActionMask = 2147483647;
			files = (
			);
			runOnlyForDeploymentPostprocessing = 0;
		};
/* End PBXFrameworksBuildPhase section */

/* Begin PBXGroup section */
		E5FD183124D11D8700CF29F6 = {
			isa = PBXGroup;
			children = (
				E5FD183C24D11D8700CF29F6 /* 埋点统计 */,
				E5FD183B24D11D8700CF29F6 /* Products */,
			);
			sourceTree = "<group>";
		};
		E5FD183B24D11D8700CF29F6 /* Products */ = {
			isa = PBXGroup;
			children = (
				E5FD183A24D11D8700CF29F6 /* 埋点统计.app */,
			);
			name = Products;
			sourceTree = "<group>";
		};
		E5FD183C24D11D8700CF29F6 /* 埋点统计 */ = {
			isa = PBXGroup;
			children = (
				E5FD183D24D11D8700CF29F6 /* AppDelegate.h */,
				E5FD183E24D11D8700CF29F6 /* AppDelegate.m */,
				E5FD184024D11D8700CF29F6 /* ViewController.h */,
				E5FD184124D11D8700CF29F6 /* ViewController.m */,
				E5FD185F24D128D600CF29F6 /* NextViewController.h */,
				E5FD186024D128D600CF29F6 /* NextViewController.m */,
				E5FD185324D11DE000CF29F6 /* SMHook.h */,
				E5FD185424D11DE000CF29F6 /* SMHook.m */,
				E5FD185C24D122FB00CF29F6 /* UIViewController+Logger.h */,
				E5FD185D24D122FB00CF29F6 /* UIViewController+Logger.m */,
				E5FD186524D12D9400CF29F6 /* NextViewController+exchangeLogAction.h */,
				E5FD186624D12D9400CF29F6 /* NextViewController+exchangeLogAction.m */,
				E5FD184324D11D8700CF29F6 /* Main.storyboard */,
				E5FD184624D11D8A00CF29F6 /* Assets.xcassets */,
				E5FD184824D11D8A00CF29F6 /* LaunchScreen.storyboard */,
				E5FD184B24D11D8A00CF29F6 /* Info.plist */,
				E5FD184C24D11D8A00CF29F6 /* main.m */,
			);
			path = "埋点统计";
			sourceTree = "<group>";
		};
/* End PBXGroup section */

/* Begin PBXNativeTarget section */
		E5FD183924D11D8700CF29F6 /* 埋点统计 */ = {
			isa = PBXNativeTarget;
			buildConfigurationList = E5FD185024D11D8A00CF29F6 /* Build configuration list for PBXNativeTarget "埋点统计" */;
			buildPhases = (
				E5FD183624D11D8700CF29F6 /* Sources */,
				E5FD183724D11D8700CF29F6 /* Frameworks */,
				E5FD183824D11D8700CF29F6 /* Resources */,
			);
			buildRules = (
			);
			dependencies = (
			);
			name = "埋点统计";
			productName = "埋点统计";
			productReference = E5FD183A24D11D8700CF29F6 /* 埋点统计.app */;
			productType = "com.apple.product-type.application";
		};
/* End PBXNativeTarget section */

/* Begin PBXProject section */
		E5FD183224D11D8700CF29F6 /* Project object */ = {
			isa = PBXProject;
			attributes = {
				LastUpgradeCheck = 1020;
				ORGANIZATIONNAME = lanshan;
				TargetAttributes = {
					E5FD183924D11D8700CF29F6 = {
						CreatedOnToolsVersion = 10.2.1;
					};
				};
			};
			buildConfigurationList = E5FD183524D11D8700CF29F6 /* Build configuration list for PBXProject "埋点统计" */;
			compatibilityVersion = "Xcode 9.3";
			developmentRegion = en;
			hasScannedForEncodings = 0;
			knownRegions = (
				en,
				Base,
			);
			mainGroup = E5FD183124D11D8700CF29F6;
			productRefGroup = E5FD183B24D11D8700CF29F6 /* Products */;
			projectDirPath = "";
			projectRoot = "";
			targets = (
				E5FD183924D11D8700CF29F6 /* 埋点统计 */,
			);
		};
/* End PBXProject section */

/* Begin PBXResourcesBuildPhase section */
		E5FD183824D11D8700CF29F6 /* Resources */ = {
			isa = PBXResourcesBuildPhase;
			buildActionMask = 2147483647;
			files = (
				E5FD184A24D11D8A00CF29F6 /* LaunchScreen.storyboard in Resources */,
				E5FD184724D11D8A00CF29F6 /* Assets.xcassets in Resources */,
				E5FD184524D11D8700CF29F6 /* Main.storyboard in Resources */,
			);
			runOnlyForDeploymentPostprocessing = 0;
		};
/* End PBXResourcesBuildPhase section */

/* Begin PBXSourcesBuildPhase section */
		E5FD183624D11D8700CF29F6 /* Sources */ = {
			isa = PBXSourcesBuildPhase;
			buildActionMask = 2147483647;
			files = (
				E5FD185E24D122FB00CF29F6 /* UIViewController+Logger.m in Sources */,
				E5FD186124D128D600CF29F6 /* NextViewController.m in Sources */,
				E5FD185524D11DE000CF29F6 /* SMHook.m in Sources */,
				E5FD184224D11D8700CF29F6 /* ViewController.m in Sources */,
				E5FD186724D12D9400CF29F6 /* NextViewController+exchangeLogAction.m in Sources */,
				E5FD184D24D11D8A00CF29F6 /* main.m in Sources */,
				E5FD183F24D11D8700CF29F6 /* AppDelegate.m in Sources */,
			);
			runOnlyForDeploymentPostprocessing = 0;
		};
/* End PBXSourcesBuildPhase section */

/* Begin PBXVariantGroup section */
		E5FD184324D11D8700CF29F6 /* Main.storyboard */ = {
			isa = PBXVariantGroup;
			children = (
				E5FD184424D11D8700CF29F6 /* Base */,
			);
			name = Main.storyboard;
			sourceTree = "<group>";
		};
		E5FD184824D11D8A00CF29F6 /* LaunchScreen.storyboard */ = {
			isa = PBXVariantGroup;
			children = (
				E5FD184924D11D8A00CF29F6 /* Base */,
			);
			name = LaunchScreen.storyboard;
			sourceTree = "<group>";
		};
/* End PBXVariantGroup section */

/* Begin XCBuildConfiguration section */
		E5FD184E24D11D8A00CF29F6 /* Debug */ = {
			isa = XCBuildConfiguration;
			buildSettings = {
				ALWAYS_SEARCH_USER_PATHS = NO;
				CLANG_ANALYZER_NONNULL = YES;
				CLANG_ANALYZER_NUMBER_OBJECT_CONVERSION = YES_AGGRESSIVE;
				CLANG_CXX_LANGUAGE_STANDARD = "gnu++14";
				CLANG_CXX_LIBRARY = "libc++";
				CLANG_ENABLE_MODULES = YES;
				CLANG_ENABLE_OBJC_ARC = YES;
				CLANG_ENABLE_OBJC_WEAK = YES;
				CLANG_WARN_BLOCK_CAPTURE_AUTORELEASING = YES;
				CLANG_WARN_BOOL_CONVERSION = YES;
				CLANG_WARN_COMMA = YES;
				CLANG_WARN_CONSTANT_CONVERSION = YES;
				CLANG_WARN_DEPRECATED_OBJC_IMPLEMENTATIONS = YES;
				CLANG_WARN_DIRECT_OBJC_ISA_USAGE = YES_ERROR;
				CLANG_WARN_DOCUMENTATION_COMMENTS = YES;
				CLANG_WARN_EMPTY_BODY = YES;
				CLANG_WARN_ENUM_CONVERSION = YES;
				CLANG_WARN_INFINITE_RECURSION = YES;
				CLANG_WARN_INT_CONVERSION = YES;
				CLANG_WARN_NON_LITERAL_NULL_CONVERSION = YES;
				CLANG_WARN_OBJC_IMPLICIT_RETAIN_SELF = YES;
				CLANG_WARN_OBJC_LITERAL_CONVERSION = YES;
				CLANG_WARN_OBJC_ROOT_CLASS = YES_ERROR;
				CLANG_WARN_RANGE_LOOP_ANALYSIS = YES;
				CLANG_WARN_STRICT_PROTOTYPES = YES;
				CLANG_WARN_SUSPICIOUS_MOVE = YES;
				CLANG_WARN_UNGUARDED_AVAILABILITY = YES_AGGRESSIVE;
				CLANG_WARN_UNREACHABLE_CODE = YES;
				CLANG_WARN__DUPLICATE_METHOD_MATCH = YES;
				CODE_SIGN_IDENTITY = "iPhone Developer";
				COPY_PHASE_STRIP = NO;
				DEBUG_INFORMATION_FORMAT = dwarf;
				ENABLE_STRICT_OBJC_MSGSEND = YES;
				ENABLE_TESTABILITY = YES;
				GCC_C_LANGUAGE_STANDARD = gnu11;
				GCC_DYNAMIC_NO_PIC = NO;
				GCC_NO_COMMON_BLOCKS = YES;
				GCC_OPTIMIZATION_LEVEL = 0;
				GCC_PREPROCESSOR_DEFINITIONS = (
					"DEBUG=1",
					"$(inherited)",
				);
				GCC_WARN_64_TO_32_BIT_CONVERSION = YES;
				GCC_WARN_ABOUT_RETURN_TYPE = YES_ERROR;
				GCC_WARN_UNDECLARED_SELECTOR = YES;
				GCC_WARN_UNINITIALIZED_AUTOS = YES_AGGRESSIVE;
				GCC_WARN_UNUSED_FUNCTION = YES;
				GCC_WARN_UNUSED_VARIABLE = YES;
				IPHONEOS_DEPLOYMENT_TARGET = 12.2;
				MTL_ENABLE_DEBUG_INFO = INCLUDE_SOURCE;
				MTL_FAST_MATH = YES;
				ONLY_ACTIVE_ARCH = YES;
				SDKROOT = iphoneos;
			};
			name = Debug;
		};
		E5FD184F24D11D8A00CF29F6 /* Release */ = {
			isa = XCBuildConfiguration;
			buildSettings = {
				ALWAYS_SEARCH_USER_PATHS = NO;
				CLANG_ANALYZER_NONNULL = YES;
				CLANG_ANALYZER_NUMBER_OBJECT_CONVERSION = YES_AGGRESSIVE;
				CLANG_CXX_LANGUAGE_STANDARD = "gnu++14";
				CLANG_CXX_LIBRARY = "libc++";
				CLANG_ENABLE_MODULES = YES;
				CLANG_ENABLE_OBJC_ARC = YES;
				CLANG_ENABLE_OBJC_WEAK = YES;
				CLANG_WARN_BLOCK_CAPTURE_AUTORELEASING = YES;
				CLANG_WARN_BOOL_CONVERSION = YES;
				CLANG_WARN_COMMA = YES;
				CLANG_WARN_CONSTANT_CONVERSION = YES;
				CLANG_WARN_DEPRECATED_OBJC_IMPLEMENTATIONS = YES;
				CLANG_WARN_DIRECT_OBJC_ISA_USAGE = YES_ERROR;
				CLANG_WARN_DOCUMENTATION_COMMENTS = YES;
				CLANG_WARN_EMPTY_BODY = YES;
				CLANG_WARN_ENUM_CONVERSION = YES;
				CLANG_WARN_INFINITE_RECURSION = YES;
				CLANG_WARN_INT_CONVERSION = YES;
				CLANG_WARN_NON_LITERAL_NULL_CONVERSION = YES;
				CLANG_WARN_OBJC_IMPLICIT_RETAIN_SELF = YES;
				CLANG_WARN_OBJC_LITERAL_CONVERSION = YES;
				CLANG_WARN_OBJC_ROOT_CLASS = YES_ERROR;
				CLANG_WARN_RANGE_LOOP_ANALYSIS = YES;
				CLANG_WARN_STRICT_PROTOTYPES = YES;
				CLANG_WARN_SUSPICIOUS_MOVE = YES;
				CLANG_WARN_UNGUARDED_AVAILABILITY = YES_AGGRESSIVE;
				CLANG_WARN_UNREACHABLE_CODE = YES;
				CLANG_WARN__DUPLICATE_METHOD_MATCH = YES;
				CODE_SIGN_IDENTITY = "iPhone Developer";
				COPY_PHASE_STRIP = NO;
				DEBUG_INFORMATION_FORMAT = "dwarf-with-dsym";
				ENABLE_NS_ASSERTIONS = NO;
				ENABLE_STRICT_OBJC_MSGSEND = YES;
				GCC_C_LANGUAGE_STANDARD = gnu11;
				GCC_NO_COMMON_BLOCKS = YES;
				GCC_WARN_64_TO_32_BIT_CONVERSION = YES;
				GCC_WARN_ABOUT_RETURN_TYPE = YES_ERROR;
				GCC_WARN_UNDECLARED_SELECTOR = YES;
				GCC_WARN_UNINITIALIZED_AUTOS = YES_AGGRESSIVE;
				GCC_WARN_UNUSED_FUNCTION = YES;
				GCC_WARN_UNUSED_VARIABLE = YES;
				IPHONEOS_DEPLOYMENT_TARGET = 12.2;
				MTL_ENABLE_DEBUG_INFO = NO;
				MTL_FAST_MATH = YES;
				SDKROOT = iphoneos;
				VALIDATE_PRODUCT = YES;
			};
			name = Release;
		};
		E5FD185124D11D8A00CF29F6 /* Debug */ = {
			isa = XCBuildConfiguration;
			buildSettings = {
				ASSETCATALOG_COMPILER_APPICON_NAME = AppIcon;
				CODE_SIGN_STYLE = Automatic;
				DEVELOPMENT_TEAM = FH8FH495ZW;
				INFOPLIST_FILE = "埋点统计/Info.plist";
				IPHONEOS_DEPLOYMENT_TARGET = 9.0;
				LD_RUNPATH_SEARCH_PATHS = (
					"$(inherited)",
					"@executable_path/Frameworks",
				);
				PRODUCT_BUNDLE_IDENTIFIER = "LanShanTech.----";
				PRODUCT_NAME = "$(TARGET_NAME)";
				TARGETED_DEVICE_FAMILY = "1,2";
			};
			name = Debug;
		};
		E5FD185224D11D8A00CF29F6 /* Release */ = {
			isa = XCBuildConfiguration;
			buildSettings = {
				ASSETCATALOG_COMPILER_APPICON_NAME = AppIcon;
				CODE_SIGN_STYLE = Automatic;
				DEVELOPMENT_TEAM = FH8FH495ZW;
				INFOPLIST_FILE = "埋点统计/Info.plist";
				IPHONEOS_DEPLOYMENT_TARGET = 9.0;
				LD_RUNPATH_SEARCH_PATHS = (
					"$(inherited)",
					"@executable_path/Frameworks",
				);
				PRODUCT_BUNDLE_IDENTIFIER = "LanShanTech.----";
				PRODUCT_NAME = "$(TARGET_NAME)";
				TARGETED_DEVICE_FAMILY = "1,2";
			};
			name = Release;
		};
/* End XCBuildConfiguration section */

/* Begin XCConfigurationList section */
		E5FD183524D11D8700CF29F6 /* Build configuration list for PBXProject "埋点统计" */ = {
			isa = XCConfigurationList;
			buildConfigurations = (
				E5FD184E24D11D8A00CF29F6 /* Debug */,
				E5FD184F24D11D8A00CF29F6 /* Release */,
			);
			defaultConfigurationIsVisible = 0;
			defaultConfigurationName = Release;
		};
		E5FD185024D11D8A00CF29F6 /* Build configuration list for PBXNativeTarget "埋点统计" */ = {
			isa = XCConfigurationList;
			buildConfigurations = (
				E5FD185124D11D8A00CF29F6 /* Debug */,
				E5FD185224D11D8A00CF29F6 /* Release */,
			);
			defaultConfigurationIsVisible = 0;
			defaultConfigurationName = Release;
		};
/* End XCConfigurationList section */
	};
	rootObject = E5FD183224D11D8700CF29F6 /* Project object */;
}
